
Microsoft Visual Studio Solution File, Format Version 12.00
# Visual Studio Version 16
VisualStudioVersion = 16.0.30611.23
MinimumVisualStudioVersion = 10.0.40219.1
Project("{9A19103F-16F7-4668-BE54-9A1E7A4F7556}") = "01.Cinema", "01.Cinema\01.Cinema.csproj", "{30ACF38B-45E1-44D6-BE76-4ED367B73838}"
EndProject
Project("{9A19103F-16F7-4668-BE54-9A1E7A4F7556}") = "02.SummerOutfit", "02.SummerOutfit\02.SummerOutfit.csproj", "{789C3998-5481-418E-A8FB-1AEEE5E61AFE}"
EndProject
Project("{9A19103F-16F7-4668-BE54-9A1E7A4F7556}") = "03.NewHouse", "03.NewHouse\03.NewHouse.csproj", "{63B0DEAB-4ACC-4D54-84E5-0131382B199D}"
EndProject
Project("{9A19103F-16F7-4668-BE54-9A1E7A4F7556}") = "04.FishingBoat", "04.FishingBoat\04.FishingBoat.csproj", "{20C5DF5E-9057-4EA0-AB36-DDAA0123FD0D}"
EndProject
Project("{9A19103F-16F7-4668-BE54-9A1E7A4F7556}") = "05.Journey", "05.Journey\05.Journey.csproj", "{3A449DED-399F-420A-93A4-343AB707A1AA}"
EndProject
Project("{9A19103F-16F7-4668-BE54-9A1E7A4F7556}") = "06.OperationsBetweenNumbers", "06.OperationsBetweenNumbers\06.OperationsBetweenNumbers.csproj", "{2E68141C-9C5B-4258-B85E-747D01ADD996}"
EndProject
Project("{9A19103F-16F7-4668-BE54-9A1E7A4F7556}") = "07.HotelRoom", "07.HotelRoom\07.HotelRoom.csproj", "{D4B06445-2E71-49BF-BD7A-1BE0DFED98A2}"
EndProject
Project("{9A19103F-16F7-4668-BE54-9A1E7A4F7556}") = "08.OnTimeForTheExam", "08.OnTimeForTheExam\08.OnTimeForTheExam.csproj", "{F9FE4D35-4F76-4BB0-BDAD-0495EC73E50E}"
EndProject
Project("{9A19103F-16F7-4668-BE54-9A1E7A4F7556}") = "09.Volleyball", "09.Volleyball\09.Volleyball.csproj", "{C83E7757-30CC-40B5-AE65-132CA406E378}"
EndProject
Global
	GlobalSection(SolutionConfigurationPlatforms) = preSolution
		Debug|Any CPU = Debug|Any CPU
		Release|Any CPU = Release|Any CPU
	EndGlobalSection
	GlobalSection(ProjectConfigurationPlatforms) = postSolution
		{30ACF38B-45E1-44D6-BE76-4ED367B73838}.Debug|Any CPU.ActiveCfg = Debug|Any CPU
		{30ACF38B-45E1-44D6-BE76-4ED367B73838}.Debug|Any CPU.Build.0 = Debug|Any CPU
		{30ACF38B-45E1-44D6-BE76-4ED367B73838}.Release|Any CPU.ActiveCfg = Release|Any CPU
		{30ACF38B-45E1-44D6-BE76-4ED367B73838}.Release|Any CPU.Build.0 = Release|Any CPU
		{789C3998-5481-418E-A8FB-1AEEE5E61AFE}.Debug|Any CPU.ActiveCfg = Debug|Any CPU
		{789C3998-5481-418E-A8FB-1AEEE5E61AFE}.Debug|Any CPU.Build.0 = Debug|Any CPU
		{789C3998-5481-418E-A8FB-1AEEE5E61AFE}.Release|Any CPU.ActiveCfg = Release|Any CPU
		{789C3998-5481-418E-A8FB-1AEEE5E61AFE}.Release|Any CPU.Build.0 = Release|Any CPU
		{63B0DEAB-4ACC-4D54-84E5-0131382B199D}.Debug|Any CPU.ActiveCfg = Debug|Any CPU
		{63B0DEAB-4ACC-4D54-84E5-0131382B199D}.Debug|Any CPU.Build.0 = Debug|Any CPU
		{63B0DEAB-4ACC-4D54-84E5-0131382B199D}.Release|Any CPU.ActiveCfg = Release|Any CPU
		{63B0DEAB-4ACC-4D54-84E5-0131382B199D}.Release|Any CPU.Build.0 = Release|Any CPU
		{20C5DF5E-9057-4EA0-AB36-DDAA0123FD0D}.Debug|Any CPU.ActiveCfg = Debug|Any CPU
		{20C5DF5E-9057-4EA0-AB36-DDAA0123FD0D}.Debug|Any CPU.Build.0 = Debug|Any CPU
		{20C5DF5E-9057-4EA0-AB36-DDAA0123FD0D}.Release|Any CPU.ActiveCfg = Release|Any CPU
		{20C5DF5E-9057-4EA0-AB36-DDAA0123FD0D}.Release|Any CPU.Build.0 = Release|Any CPU
		{3A449DED-399F-420A-93A4-343AB707A1AA}.Debug|Any CPU.ActiveCfg = Debug|Any CPU
		{3A449DED-399F-420A-93A4-343AB707A1AA}.Debug|Any CPU.Build.0 = Debug|Any CPU
		{3A449DED-399F-420A-93A4-343AB707A1AA}.Release|Any CPU.ActiveCfg = Release|Any CPU
		{3A449DED-399F-420A-93A4-343AB707A1AA}.Release|Any CPU.Build.0 = Release|Any CPU
		{2E68141C-9C5B-4258-B85E-747D01ADD996}.Debug|Any CPU.ActiveCfg = Debug|Any CPU
		{2E68141C-9C5B-4258-B85E-747D01ADD996}.Debug|Any CPU.Build.0 = Debug|Any CPU
		{2E68141C-9C5B-4258-B85E-747D01ADD996}.Release|Any CPU.ActiveCfg = Release|Any CPU
		{2E68141C-9C5B-4258-B85E-747D01ADD996}.Release|Any CPU.Build.0 = Release|Any CPU
		{D4B06445-2E71-49BF-BD7A-1BE0DFED98A2}.Debug|Any CPU.ActiveCfg = Debug|Any CPU
		{D4B06445-2E71-49BF-BD7A-1BE0DFED98A2}.Debug|Any CPU.Build.0 = Debug|Any CPU
		{D4B06445-2E71-49BF-BD7A-1BE0DFED98A2}.Release|Any CPU.ActiveCfg = Release|Any CPU
		{D4B06445-2E71-49BF-BD7A-1BE0DFED98A2}.Release|Any CPU.Build.0 = Release|Any CPU
		{F9FE4D35-4F76-4BB0-BDAD-0495EC73E50E}.Debug|Any CPU.ActiveCfg = Debug|Any CPU
		{F9FE4D35-4F76-4BB0-BDAD-0495EC73E50E}.Debug|Any CPU.Build.0 = Debug|Any CPU
		{F9FE4D35-4F76-4BB0-BDAD-0495EC73E50E}.Release|Any CPU.ActiveCfg = Release|Any CPU
		{F9FE4D35-4F76-4BB0-BDAD-0495EC73E50E}.Release|Any CPU.Build.0 = Release|Any CPU
		{C83E7757-30CC-40B5-AE65-132CA406E378}.Debug|Any CPU.ActiveCfg = Debug|Any CPU
		{C83E7757-30CC-40B5-AE65-132CA406E378}.Debug|Any CPU.Build.0 = Debug|Any CPU
		{C83E7757-30CC-40B5-AE65-132CA406E378}.Release|Any CPU.ActiveCfg = Release|Any CPU
		{C83E7757-30CC-40B5-AE65-132CA406E378}.Release|Any CPU.Build.0 = Release|Any CPU
	EndGlobalSection
	GlobalSection(SolutionProperties) = preSolution
		HideSolutionNode = FALSE
	EndGlobalSection
	GlobalSection(ExtensibilityGlobals) = postSolution
		SolutionGuid = {071F85E5-F615-4EE4-AEC5-233F96F05086}
	EndGlobalSection
EndGlobal
