
Microsoft Visual Studio Solution File, Format Version 12.00
# Visual Studio Version 16
VisualStudioVersion = 16.0.30523.141
MinimumVisualStudioVersion = 10.0.40219.1
Project("{9A19103F-16F7-4668-BE54-9A1E7A4F7556}") = "01.SumSeconds", "01.SumSeconds\01.SumSeconds.csproj", "{844F67D1-5B17-4195-879D-7A42B092D82E}"
EndProject
Project("{9A19103F-16F7-4668-BE54-9A1E7A4F7556}") = "02.BonusScore", "02.BonusScore\02.BonusScore.csproj", "{E8A329C2-A006-41E3-BFDD-579C7BADDBEF}"
EndProject
Project("{9A19103F-16F7-4668-BE54-9A1E7A4F7556}") = "03.SpeedInfo", "03.SpeedInfo\03.SpeedInfo.csproj", "{F3DD226B-C8BA-4747-8EFB-A257C7EB841D}"
EndProject
Project("{9A19103F-16F7-4668-BE54-9A1E7A4F7556}") = "04.MetricConverter", "04.MetricConverter\04.MetricConverter.csproj", "{F33211BB-34A6-4DC8-AB0E-2381586666AA}"
EndProject
Project("{9A19103F-16F7-4668-BE54-9A1E7A4F7556}") = "05.TimePlus15Minutes", "05.TimePlus15Minutes\05.TimePlus15Minutes.csproj", "{B7E18204-383C-45BB-A8EF-832BAC8B1389}"
EndProject
Project("{9A19103F-16F7-4668-BE54-9A1E7A4F7556}") = "06.GodzillaVsKong", "06.GodzillaVsKong\06.GodzillaVsKong.csproj", "{5D2367EC-C652-4552-A4B9-54E304942F3C}"
EndProject
Project("{9A19103F-16F7-4668-BE54-9A1E7A4F7556}") = "07.WorldSwimmingRecord", "07.WorldSwimmingRecord\07.WorldSwimmingRecord.csproj", "{25E48D45-C032-4007-A237-18A93C222700}"
EndProject
Global
	GlobalSection(SolutionConfigurationPlatforms) = preSolution
		Debug|Any CPU = Debug|Any CPU
		Release|Any CPU = Release|Any CPU
	EndGlobalSection
	GlobalSection(ProjectConfigurationPlatforms) = postSolution
		{844F67D1-5B17-4195-879D-7A42B092D82E}.Debug|Any CPU.ActiveCfg = Debug|Any CPU
		{844F67D1-5B17-4195-879D-7A42B092D82E}.Debug|Any CPU.Build.0 = Debug|Any CPU
		{844F67D1-5B17-4195-879D-7A42B092D82E}.Release|Any CPU.ActiveCfg = Release|Any CPU
		{844F67D1-5B17-4195-879D-7A42B092D82E}.Release|Any CPU.Build.0 = Release|Any CPU
		{E8A329C2-A006-41E3-BFDD-579C7BADDBEF}.Debug|Any CPU.ActiveCfg = Debug|Any CPU
		{E8A329C2-A006-41E3-BFDD-579C7BADDBEF}.Debug|Any CPU.Build.0 = Debug|Any CPU
		{E8A329C2-A006-41E3-BFDD-579C7BADDBEF}.Release|Any CPU.ActiveCfg = Release|Any CPU
		{E8A329C2-A006-41E3-BFDD-579C7BADDBEF}.Release|Any CPU.Build.0 = Release|Any CPU
		{F3DD226B-C8BA-4747-8EFB-A257C7EB841D}.Debug|Any CPU.ActiveCfg = Debug|Any CPU
		{F3DD226B-C8BA-4747-8EFB-A257C7EB841D}.Debug|Any CPU.Build.0 = Debug|Any CPU
		{F3DD226B-C8BA-4747-8EFB-A257C7EB841D}.Release|Any CPU.ActiveCfg = Release|Any CPU
		{F3DD226B-C8BA-4747-8EFB-A257C7EB841D}.Release|Any CPU.Build.0 = Release|Any CPU
		{F33211BB-34A6-4DC8-AB0E-2381586666AA}.Debug|Any CPU.ActiveCfg = Debug|Any CPU
		{F33211BB-34A6-4DC8-AB0E-2381586666AA}.Debug|Any CPU.Build.0 = Debug|Any CPU
		{F33211BB-34A6-4DC8-AB0E-2381586666AA}.Release|Any CPU.ActiveCfg = Release|Any CPU
		{F33211BB-34A6-4DC8-AB0E-2381586666AA}.Release|Any CPU.Build.0 = Release|Any CPU
		{B7E18204-383C-45BB-A8EF-832BAC8B1389}.Debug|Any CPU.ActiveCfg = Debug|Any CPU
		{B7E18204-383C-45BB-A8EF-832BAC8B1389}.Debug|Any CPU.Build.0 = Debug|Any CPU
		{B7E18204-383C-45BB-A8EF-832BAC8B1389}.Release|Any CPU.ActiveCfg = Release|Any CPU
		{B7E18204-383C-45BB-A8EF-832BAC8B1389}.Release|Any CPU.Build.0 = Release|Any CPU
		{5D2367EC-C652-4552-A4B9-54E304942F3C}.Debug|Any CPU.ActiveCfg = Debug|Any CPU
		{5D2367EC-C652-4552-A4B9-54E304942F3C}.Debug|Any CPU.Build.0 = Debug|Any CPU
		{5D2367EC-C652-4552-A4B9-54E304942F3C}.Release|Any CPU.ActiveCfg = Release|Any CPU
		{5D2367EC-C652-4552-A4B9-54E304942F3C}.Release|Any CPU.Build.0 = Release|Any CPU
		{25E48D45-C032-4007-A237-18A93C222700}.Debug|Any CPU.ActiveCfg = Debug|Any CPU
		{25E48D45-C032-4007-A237-18A93C222700}.Debug|Any CPU.Build.0 = Debug|Any CPU
		{25E48D45-C032-4007-A237-18A93C222700}.Release|Any CPU.ActiveCfg = Release|Any CPU
		{25E48D45-C032-4007-A237-18A93C222700}.Release|Any CPU.Build.0 = Release|Any CPU
	EndGlobalSection
	GlobalSection(SolutionProperties) = preSolution
		HideSolutionNode = FALSE
	EndGlobalSection
	GlobalSection(ExtensibilityGlobals) = postSolution
		SolutionGuid = {923BB896-2A3D-4A53-8D8D-7425B4CD16CD}
	EndGlobalSection
EndGlobal
