
Microsoft Visual Studio Solution File, Format Version 12.00
# Visual Studio Version 16
VisualStudioVersion = 16.0.30611.23
MinimumVisualStudioVersion = 10.0.40219.1
Project("{9A19103F-16F7-4668-BE54-9A1E7A4F7556}") = "01.DayOfWeek", "01.DayOfWeek\01.DayOfWeek.csproj", "{248CEAF6-2D4C-4711-9D6F-D2F818A85EBD}"
EndProject
Project("{9A19103F-16F7-4668-BE54-9A1E7A4F7556}") = "02.WeekendOrWorkingDay", "02.WeekendOrWorkingDay\02.WeekendOrWorkingDay.csproj", "{A1C8701D-F405-4743-A701-C68A74C49DA2}"
EndProject
Project("{9A19103F-16F7-4668-BE54-9A1E7A4F7556}") = "03.AnimalType", "03.AnimalType\03.AnimalType.csproj", "{7F39D3B8-0CB4-4185-B302-72115AE8FEC7}"
EndProject
Project("{9A19103F-16F7-4668-BE54-9A1E7A4F7556}") = "04.PersonalTitles", "04.PersonalTitles\04.PersonalTitles.csproj", "{3374D4A4-9AA9-4D27-856F-7A45A279AE49}"
EndProject
Project("{9A19103F-16F7-4668-BE54-9A1E7A4F7556}") = "05.SmallShop", "05.SmallShop\05.SmallShop.csproj", "{30CC4D6F-FDCD-4CCF-BD5B-E0B4B0622D6F}"
EndProject
Project("{9A19103F-16F7-4668-BE54-9A1E7A4F7556}") = "06.NumberInRange", "06.NumberInRange\06.NumberInRange.csproj", "{0EFE6E19-6E2D-4F9E-B6D5-6BD9B468935B}"
EndProject
Project("{9A19103F-16F7-4668-BE54-9A1E7A4F7556}") = "07.WorkingHours", "07.WorkingHours\07.WorkingHours.csproj", "{3FB9B366-51D3-432F-A46B-DDAFB87EDA51}"
EndProject
Project("{9A19103F-16F7-4668-BE54-9A1E7A4F7556}") = "08.CinemaTicket", "08.CinemaTicket\08.CinemaTicket.csproj", "{A9CA4639-5A55-4AC6-9A3F-C2D23E00A362}"
EndProject
Project("{9A19103F-16F7-4668-BE54-9A1E7A4F7556}") = "09.FruitOrVegetable", "09.FruitOrVegetable\09.FruitOrVegetable.csproj", "{F9CD4B0A-B235-42E1-849B-F9E6A43D53AB}"
EndProject
Project("{9A19103F-16F7-4668-BE54-9A1E7A4F7556}") = "10.InvalidNumber", "10.InvalidNumber\10.InvalidNumber.csproj", "{175EAF19-C23D-4D29-9096-70FD4EF4B02B}"
EndProject
Project("{9A19103F-16F7-4668-BE54-9A1E7A4F7556}") = "11.FruitShop", "11.FruitShop\11.FruitShop.csproj", "{DA6287DA-8F3D-43D7-A9F1-28C17166D3E7}"
EndProject
Project("{9A19103F-16F7-4668-BE54-9A1E7A4F7556}") = "12.TradeCommissions", "12.TradeCommissions\12.TradeCommissions.csproj", "{5812F073-B1C7-43A9-8559-E83D58D3C654}"
EndProject
Project("{9A19103F-16F7-4668-BE54-9A1E7A4F7556}") = "13.SkiTrip", "13.SkiTrip\13.SkiTrip.csproj", "{66269810-6E92-4D72-96EC-ADBE19EB5FE6}"
EndProject
Global
	GlobalSection(SolutionConfigurationPlatforms) = preSolution
		Debug|Any CPU = Debug|Any CPU
		Release|Any CPU = Release|Any CPU
	EndGlobalSection
	GlobalSection(ProjectConfigurationPlatforms) = postSolution
		{248CEAF6-2D4C-4711-9D6F-D2F818A85EBD}.Debug|Any CPU.ActiveCfg = Debug|Any CPU
		{248CEAF6-2D4C-4711-9D6F-D2F818A85EBD}.Debug|Any CPU.Build.0 = Debug|Any CPU
		{248CEAF6-2D4C-4711-9D6F-D2F818A85EBD}.Release|Any CPU.ActiveCfg = Release|Any CPU
		{248CEAF6-2D4C-4711-9D6F-D2F818A85EBD}.Release|Any CPU.Build.0 = Release|Any CPU
		{A1C8701D-F405-4743-A701-C68A74C49DA2}.Debug|Any CPU.ActiveCfg = Debug|Any CPU
		{A1C8701D-F405-4743-A701-C68A74C49DA2}.Debug|Any CPU.Build.0 = Debug|Any CPU
		{A1C8701D-F405-4743-A701-C68A74C49DA2}.Release|Any CPU.ActiveCfg = Release|Any CPU
		{A1C8701D-F405-4743-A701-C68A74C49DA2}.Release|Any CPU.Build.0 = Release|Any CPU
		{7F39D3B8-0CB4-4185-B302-72115AE8FEC7}.Debug|Any CPU.ActiveCfg = Debug|Any CPU
		{7F39D3B8-0CB4-4185-B302-72115AE8FEC7}.Debug|Any CPU.Build.0 = Debug|Any CPU
		{7F39D3B8-0CB4-4185-B302-72115AE8FEC7}.Release|Any CPU.ActiveCfg = Release|Any CPU
		{7F39D3B8-0CB4-4185-B302-72115AE8FEC7}.Release|Any CPU.Build.0 = Release|Any CPU
		{3374D4A4-9AA9-4D27-856F-7A45A279AE49}.Debug|Any CPU.ActiveCfg = Debug|Any CPU
		{3374D4A4-9AA9-4D27-856F-7A45A279AE49}.Debug|Any CPU.Build.0 = Debug|Any CPU
		{3374D4A4-9AA9-4D27-856F-7A45A279AE49}.Release|Any CPU.ActiveCfg = Release|Any CPU
		{3374D4A4-9AA9-4D27-856F-7A45A279AE49}.Release|Any CPU.Build.0 = Release|Any CPU
		{30CC4D6F-FDCD-4CCF-BD5B-E0B4B0622D6F}.Debug|Any CPU.ActiveCfg = Debug|Any CPU
		{30CC4D6F-FDCD-4CCF-BD5B-E0B4B0622D6F}.Debug|Any CPU.Build.0 = Debug|Any CPU
		{30CC4D6F-FDCD-4CCF-BD5B-E0B4B0622D6F}.Release|Any CPU.ActiveCfg = Release|Any CPU
		{30CC4D6F-FDCD-4CCF-BD5B-E0B4B0622D6F}.Release|Any CPU.Build.0 = Release|Any CPU
		{0EFE6E19-6E2D-4F9E-B6D5-6BD9B468935B}.Debug|Any CPU.ActiveCfg = Debug|Any CPU
		{0EFE6E19-6E2D-4F9E-B6D5-6BD9B468935B}.Debug|Any CPU.Build.0 = Debug|Any CPU
		{0EFE6E19-6E2D-4F9E-B6D5-6BD9B468935B}.Release|Any CPU.ActiveCfg = Release|Any CPU
		{0EFE6E19-6E2D-4F9E-B6D5-6BD9B468935B}.Release|Any CPU.Build.0 = Release|Any CPU
		{3FB9B366-51D3-432F-A46B-DDAFB87EDA51}.Debug|Any CPU.ActiveCfg = Debug|Any CPU
		{3FB9B366-51D3-432F-A46B-DDAFB87EDA51}.Debug|Any CPU.Build.0 = Debug|Any CPU
		{3FB9B366-51D3-432F-A46B-DDAFB87EDA51}.Release|Any CPU.ActiveCfg = Release|Any CPU
		{3FB9B366-51D3-432F-A46B-DDAFB87EDA51}.Release|Any CPU.Build.0 = Release|Any CPU
		{A9CA4639-5A55-4AC6-9A3F-C2D23E00A362}.Debug|Any CPU.ActiveCfg = Debug|Any CPU
		{A9CA4639-5A55-4AC6-9A3F-C2D23E00A362}.Debug|Any CPU.Build.0 = Debug|Any CPU
		{A9CA4639-5A55-4AC6-9A3F-C2D23E00A362}.Release|Any CPU.ActiveCfg = Release|Any CPU
		{A9CA4639-5A55-4AC6-9A3F-C2D23E00A362}.Release|Any CPU.Build.0 = Release|Any CPU
		{F9CD4B0A-B235-42E1-849B-F9E6A43D53AB}.Debug|Any CPU.ActiveCfg = Debug|Any CPU
		{F9CD4B0A-B235-42E1-849B-F9E6A43D53AB}.Debug|Any CPU.Build.0 = Debug|Any CPU
		{F9CD4B0A-B235-42E1-849B-F9E6A43D53AB}.Release|Any CPU.ActiveCfg = Release|Any CPU
		{F9CD4B0A-B235-42E1-849B-F9E6A43D53AB}.Release|Any CPU.Build.0 = Release|Any CPU
		{175EAF19-C23D-4D29-9096-70FD4EF4B02B}.Debug|Any CPU.ActiveCfg = Debug|Any CPU
		{175EAF19-C23D-4D29-9096-70FD4EF4B02B}.Debug|Any CPU.Build.0 = Debug|Any CPU
		{175EAF19-C23D-4D29-9096-70FD4EF4B02B}.Release|Any CPU.ActiveCfg = Release|Any CPU
		{175EAF19-C23D-4D29-9096-70FD4EF4B02B}.Release|Any CPU.Build.0 = Release|Any CPU
		{DA6287DA-8F3D-43D7-A9F1-28C17166D3E7}.Debug|Any CPU.ActiveCfg = Debug|Any CPU
		{DA6287DA-8F3D-43D7-A9F1-28C17166D3E7}.Debug|Any CPU.Build.0 = Debug|Any CPU
		{DA6287DA-8F3D-43D7-A9F1-28C17166D3E7}.Release|Any CPU.ActiveCfg = Release|Any CPU
		{DA6287DA-8F3D-43D7-A9F1-28C17166D3E7}.Release|Any CPU.Build.0 = Release|Any CPU
		{5812F073-B1C7-43A9-8559-E83D58D3C654}.Debug|Any CPU.ActiveCfg = Debug|Any CPU
		{5812F073-B1C7-43A9-8559-E83D58D3C654}.Debug|Any CPU.Build.0 = Debug|Any CPU
		{5812F073-B1C7-43A9-8559-E83D58D3C654}.Release|Any CPU.ActiveCfg = Release|Any CPU
		{5812F073-B1C7-43A9-8559-E83D58D3C654}.Release|Any CPU.Build.0 = Release|Any CPU
		{66269810-6E92-4D72-96EC-ADBE19EB5FE6}.Debug|Any CPU.ActiveCfg = Debug|Any CPU
		{66269810-6E92-4D72-96EC-ADBE19EB5FE6}.Debug|Any CPU.Build.0 = Debug|Any CPU
		{66269810-6E92-4D72-96EC-ADBE19EB5FE6}.Release|Any CPU.ActiveCfg = Release|Any CPU
		{66269810-6E92-4D72-96EC-ADBE19EB5FE6}.Release|Any CPU.Build.0 = Release|Any CPU
	EndGlobalSection
	GlobalSection(SolutionProperties) = preSolution
		HideSolutionNode = FALSE
	EndGlobalSection
	GlobalSection(ExtensibilityGlobals) = postSolution
		SolutionGuid = {58233E9E-1842-43DC-99BA-B9AE407CE1CA}
	EndGlobalSection
EndGlobal
