
Microsoft Visual Studio Solution File, Format Version 12.00
# Visual Studio Version 16
VisualStudioVersion = 16.0.30611.23
MinimumVisualStudioVersion = 10.0.40219.1
Project("{9A19103F-16F7-4668-BE54-9A1E7A4F7556}") = "02.HalfSumElement", "02.HalfSumElement\02.HalfSumElement.csproj", "{47C6A7A2-656E-42FF-A259-032D111AB8DF}"
EndProject
Project("{9A19103F-16F7-4668-BE54-9A1E7A4F7556}") = "01.NumbersEndingIn7", "01.NumbersEndingIn7\01.NumbersEndingIn7.csproj", "{2FB7F8F4-D4F5-4C8E-B3C8-349A1D7F801A}"
EndProject
Project("{9A19103F-16F7-4668-BE54-9A1E7A4F7556}") = "03.OddOrEvenPosition", "03.OddOrEvenPosition\03.OddOrEvenPosition.csproj", "{D916EB6F-2DC8-4236-B5F6-372370347134}"
EndProject
Project("{9A19103F-16F7-4668-BE54-9A1E7A4F7556}") = "04.Histogram", "04.Histogram\04.Histogram.csproj", "{3CD9DE2E-1D9F-4DE9-932B-ABDA3678FA38}"
EndProject
Project("{9A19103F-16F7-4668-BE54-9A1E7A4F7556}") = "05.DivideWithoutRemainder", "05.DivideWithoutRemainder\05.DivideWithoutRemainder.csproj", "{4CD8E118-58BF-4871-87D6-61A35703468A}"
EndProject
Project("{9A19103F-16F7-4668-BE54-9A1E7A4F7556}") = "06.Salary", "06.Salary\06.Salary.csproj", "{87289564-E30E-4DE0-B5B3-84338E9E9B5A}"
EndProject
Global
	GlobalSection(SolutionConfigurationPlatforms) = preSolution
		Debug|Any CPU = Debug|Any CPU
		Release|Any CPU = Release|Any CPU
	EndGlobalSection
	GlobalSection(ProjectConfigurationPlatforms) = postSolution
		{47C6A7A2-656E-42FF-A259-032D111AB8DF}.Debug|Any CPU.ActiveCfg = Debug|Any CPU
		{47C6A7A2-656E-42FF-A259-032D111AB8DF}.Debug|Any CPU.Build.0 = Debug|Any CPU
		{47C6A7A2-656E-42FF-A259-032D111AB8DF}.Release|Any CPU.ActiveCfg = Release|Any CPU
		{47C6A7A2-656E-42FF-A259-032D111AB8DF}.Release|Any CPU.Build.0 = Release|Any CPU
		{2FB7F8F4-D4F5-4C8E-B3C8-349A1D7F801A}.Debug|Any CPU.ActiveCfg = Debug|Any CPU
		{2FB7F8F4-D4F5-4C8E-B3C8-349A1D7F801A}.Debug|Any CPU.Build.0 = Debug|Any CPU
		{2FB7F8F4-D4F5-4C8E-B3C8-349A1D7F801A}.Release|Any CPU.ActiveCfg = Release|Any CPU
		{2FB7F8F4-D4F5-4C8E-B3C8-349A1D7F801A}.Release|Any CPU.Build.0 = Release|Any CPU
		{D916EB6F-2DC8-4236-B5F6-372370347134}.Debug|Any CPU.ActiveCfg = Debug|Any CPU
		{D916EB6F-2DC8-4236-B5F6-372370347134}.Debug|Any CPU.Build.0 = Debug|Any CPU
		{D916EB6F-2DC8-4236-B5F6-372370347134}.Release|Any CPU.ActiveCfg = Release|Any CPU
		{D916EB6F-2DC8-4236-B5F6-372370347134}.Release|Any CPU.Build.0 = Release|Any CPU
		{3CD9DE2E-1D9F-4DE9-932B-ABDA3678FA38}.Debug|Any CPU.ActiveCfg = Debug|Any CPU
		{3CD9DE2E-1D9F-4DE9-932B-ABDA3678FA38}.Debug|Any CPU.Build.0 = Debug|Any CPU
		{3CD9DE2E-1D9F-4DE9-932B-ABDA3678FA38}.Release|Any CPU.ActiveCfg = Release|Any CPU
		{3CD9DE2E-1D9F-4DE9-932B-ABDA3678FA38}.Release|Any CPU.Build.0 = Release|Any CPU
		{4CD8E118-58BF-4871-87D6-61A35703468A}.Debug|Any CPU.ActiveCfg = Debug|Any CPU
		{4CD8E118-58BF-4871-87D6-61A35703468A}.Debug|Any CPU.Build.0 = Debug|Any CPU
		{4CD8E118-58BF-4871-87D6-61A35703468A}.Release|Any CPU.ActiveCfg = Release|Any CPU
		{4CD8E118-58BF-4871-87D6-61A35703468A}.Release|Any CPU.Build.0 = Release|Any CPU
		{87289564-E30E-4DE0-B5B3-84338E9E9B5A}.Debug|Any CPU.ActiveCfg = Debug|Any CPU
		{87289564-E30E-4DE0-B5B3-84338E9E9B5A}.Debug|Any CPU.Build.0 = Debug|Any CPU
		{87289564-E30E-4DE0-B5B3-84338E9E9B5A}.Release|Any CPU.ActiveCfg = Release|Any CPU
		{87289564-E30E-4DE0-B5B3-84338E9E9B5A}.Release|Any CPU.Build.0 = Release|Any CPU
	EndGlobalSection
	GlobalSection(SolutionProperties) = preSolution
		HideSolutionNode = FALSE
	EndGlobalSection
	GlobalSection(ExtensibilityGlobals) = postSolution
		SolutionGuid = {E75D41E1-14BF-48C5-93DB-69D085069A67}
	EndGlobalSection
EndGlobal
