
Microsoft Visual Studio Solution File, Format Version 12.00
# Visual Studio Version 16
VisualStudioVersion = 16.0.30523.141
MinimumVisualStudioVersion = 10.0.40219.1
Project("{9A19103F-16F7-4668-BE54-9A1E7A4F7556}") = "01.USDtoBGN", "01.USDtoBGN\01.USDtoBGN.csproj", "{891929F3-697D-483A-9016-8C4CC2056367}"
EndProject
Project("{9A19103F-16F7-4668-BE54-9A1E7A4F7556}") = "02.RadiansToDegrees", "02.RadiansToDegrees\02.RadiansToDegrees.csproj", "{9732FE27-953F-4440-836C-5DFC48AAE4B3}"
EndProject
Project("{9A19103F-16F7-4668-BE54-9A1E7A4F7556}") = "03.DepositCalculator", "03.DepositCalculator\03.DepositCalculator.csproj", "{B073CCCC-DA6B-4B51-9BCD-4E88E1A8E44B}"
EndProject
Project("{9A19103F-16F7-4668-BE54-9A1E7A4F7556}") = "04.VacationBooksList", "04.VacationBooksList\04.VacationBooksList.csproj", "{BA26F6C5-256B-447A-9E58-8D3A1C7A9F96}"
EndProject
Project("{9A19103F-16F7-4668-BE54-9A1E7A4F7556}") = "05.BirthdayParty", "05.BirthdayParty\05.BirthdayParty.csproj", "{A148A1EB-9F1B-4C16-BB3E-2EB682AC2D6F}"
EndProject
Project("{9A19103F-16F7-4668-BE54-9A1E7A4F7556}") = "06.CharityCampaign", "06.CharityCampaign\06.CharityCampaign.csproj", "{D5E63EAE-4C0C-48B0-A515-7B84EB1A3ED7}"
EndProject
Project("{9A19103F-16F7-4668-BE54-9A1E7A4F7556}") = "07.FruitMarket", "07.FruitMarket\07.FruitMarket.csproj", "{D5888C40-8CFD-4FBA-87DC-EC12AE00A224}"
EndProject
Project("{9A19103F-16F7-4668-BE54-9A1E7A4F7556}") = "08.FishTank", "08.FishTank\08.FishTank.csproj", "{6AB96BDA-E459-4126-9522-9B245FDAF0F7}"
EndProject
Global
	GlobalSection(SolutionConfigurationPlatforms) = preSolution
		Debug|Any CPU = Debug|Any CPU
		Release|Any CPU = Release|Any CPU
	EndGlobalSection
	GlobalSection(ProjectConfigurationPlatforms) = postSolution
		{891929F3-697D-483A-9016-8C4CC2056367}.Debug|Any CPU.ActiveCfg = Debug|Any CPU
		{891929F3-697D-483A-9016-8C4CC2056367}.Debug|Any CPU.Build.0 = Debug|Any CPU
		{891929F3-697D-483A-9016-8C4CC2056367}.Release|Any CPU.ActiveCfg = Release|Any CPU
		{891929F3-697D-483A-9016-8C4CC2056367}.Release|Any CPU.Build.0 = Release|Any CPU
		{9732FE27-953F-4440-836C-5DFC48AAE4B3}.Debug|Any CPU.ActiveCfg = Debug|Any CPU
		{9732FE27-953F-4440-836C-5DFC48AAE4B3}.Debug|Any CPU.Build.0 = Debug|Any CPU
		{9732FE27-953F-4440-836C-5DFC48AAE4B3}.Release|Any CPU.ActiveCfg = Release|Any CPU
		{9732FE27-953F-4440-836C-5DFC48AAE4B3}.Release|Any CPU.Build.0 = Release|Any CPU
		{B073CCCC-DA6B-4B51-9BCD-4E88E1A8E44B}.Debug|Any CPU.ActiveCfg = Debug|Any CPU
		{B073CCCC-DA6B-4B51-9BCD-4E88E1A8E44B}.Debug|Any CPU.Build.0 = Debug|Any CPU
		{B073CCCC-DA6B-4B51-9BCD-4E88E1A8E44B}.Release|Any CPU.ActiveCfg = Release|Any CPU
		{B073CCCC-DA6B-4B51-9BCD-4E88E1A8E44B}.Release|Any CPU.Build.0 = Release|Any CPU
		{BA26F6C5-256B-447A-9E58-8D3A1C7A9F96}.Debug|Any CPU.ActiveCfg = Debug|Any CPU
		{BA26F6C5-256B-447A-9E58-8D3A1C7A9F96}.Debug|Any CPU.Build.0 = Debug|Any CPU
		{BA26F6C5-256B-447A-9E58-8D3A1C7A9F96}.Release|Any CPU.ActiveCfg = Release|Any CPU
		{BA26F6C5-256B-447A-9E58-8D3A1C7A9F96}.Release|Any CPU.Build.0 = Release|Any CPU
		{A148A1EB-9F1B-4C16-BB3E-2EB682AC2D6F}.Debug|Any CPU.ActiveCfg = Debug|Any CPU
		{A148A1EB-9F1B-4C16-BB3E-2EB682AC2D6F}.Debug|Any CPU.Build.0 = Debug|Any CPU
		{A148A1EB-9F1B-4C16-BB3E-2EB682AC2D6F}.Release|Any CPU.ActiveCfg = Release|Any CPU
		{A148A1EB-9F1B-4C16-BB3E-2EB682AC2D6F}.Release|Any CPU.Build.0 = Release|Any CPU
		{D5E63EAE-4C0C-48B0-A515-7B84EB1A3ED7}.Debug|Any CPU.ActiveCfg = Debug|Any CPU
		{D5E63EAE-4C0C-48B0-A515-7B84EB1A3ED7}.Debug|Any CPU.Build.0 = Debug|Any CPU
		{D5E63EAE-4C0C-48B0-A515-7B84EB1A3ED7}.Release|Any CPU.ActiveCfg = Release|Any CPU
		{D5E63EAE-4C0C-48B0-A515-7B84EB1A3ED7}.Release|Any CPU.Build.0 = Release|Any CPU
		{D5888C40-8CFD-4FBA-87DC-EC12AE00A224}.Debug|Any CPU.ActiveCfg = Debug|Any CPU
		{D5888C40-8CFD-4FBA-87DC-EC12AE00A224}.Debug|Any CPU.Build.0 = Debug|Any CPU
		{D5888C40-8CFD-4FBA-87DC-EC12AE00A224}.Release|Any CPU.ActiveCfg = Release|Any CPU
		{D5888C40-8CFD-4FBA-87DC-EC12AE00A224}.Release|Any CPU.Build.0 = Release|Any CPU
		{6AB96BDA-E459-4126-9522-9B245FDAF0F7}.Debug|Any CPU.ActiveCfg = Debug|Any CPU
		{6AB96BDA-E459-4126-9522-9B245FDAF0F7}.Debug|Any CPU.Build.0 = Debug|Any CPU
		{6AB96BDA-E459-4126-9522-9B245FDAF0F7}.Release|Any CPU.ActiveCfg = Release|Any CPU
		{6AB96BDA-E459-4126-9522-9B245FDAF0F7}.Release|Any CPU.Build.0 = Release|Any CPU
	EndGlobalSection
	GlobalSection(SolutionProperties) = preSolution
		HideSolutionNode = FALSE
	EndGlobalSection
	GlobalSection(ExtensibilityGlobals) = postSolution
		SolutionGuid = {0629FE54-03C7-4619-8BD7-AD8C94752508}
	EndGlobalSection
EndGlobal
